
Microsoft Visual Studio Solution File, Format Version 12.00
# Visual Studio 2013
VisualStudioVersion = 12.0.40629.0
MinimumVisualStudioVersion = 10.0.40219.1
Project("{FAE04EC0-301F-11D3-BF4B-00C04F79EFBC}") = "UnitTests", "IteratorUnitTest\UnitTests.csproj", "{4D0E102D-A181-4BA6-8542-C0517DF76104}"
EndProject
Project("{FAE04EC0-301F-11D3-BF4B-00C04F79EFBC}") = "Iterator", "Iterator\Iterator.csproj", "{02E8A2EF-7836-4B82-8665-6E48CCBB9F8A}"
EndProject
Project("{FAE04EC0-301F-11D3-BF4B-00C04F79EFBC}") = "UserStorage", "UserStorage\UserStorage.csproj", "{947BAD73-C839-4CA2-94C0-B9F4B77FEC0D}"
EndProject
Project("{FAE04EC0-301F-11D3-BF4B-00C04F79EFBC}") = "ConfigurationService", "ConfigurationService\ConfigurationService.csproj", "{B85C6D51-834C-4328-B9C5-81E252F93649}"
EndProject
Project("{FAE04EC0-301F-11D3-BF4B-00C04F79EFBC}") = "ConsoleTest", "ConsoleTest\ConsoleTest.csproj", "{4FDDACCF-D554-42ED-87D2-E3FE4CE926FB}"
EndProject
Project("{FAE04EC0-301F-11D3-BF4B-00C04F79EFBC}") = "DomainWorker", "DomainWorker\DomainWorker.csproj", "{1089A831-DEAC-4EB9-89EF-25973E3C7F38}"
EndProject
Project("{FAE04EC0-301F-11D3-BF4B-00C04F79EFBC}") = "ClientService", "ClientService\ClientService.csproj", "{581F2601-79FC-4C7C-AC1A-A46105F068D3}"
EndProject
Global
	GlobalSection(SolutionConfigurationPlatforms) = preSolution
		Debug|Any CPU = Debug|Any CPU
		Debug|x64 = Debug|x64
		Release|Any CPU = Release|Any CPU
		Release|x64 = Release|x64
	EndGlobalSection
	GlobalSection(ProjectConfigurationPlatforms) = postSolution
		{4D0E102D-A181-4BA6-8542-C0517DF76104}.Debug|Any CPU.ActiveCfg = Debug|Any CPU
		{4D0E102D-A181-4BA6-8542-C0517DF76104}.Debug|Any CPU.Build.0 = Debug|Any CPU
		{4D0E102D-A181-4BA6-8542-C0517DF76104}.Debug|x64.ActiveCfg = Debug|x64
		{4D0E102D-A181-4BA6-8542-C0517DF76104}.Debug|x64.Build.0 = Debug|x64
		{4D0E102D-A181-4BA6-8542-C0517DF76104}.Release|Any CPU.ActiveCfg = Release|Any CPU
		{4D0E102D-A181-4BA6-8542-C0517DF76104}.Release|Any CPU.Build.0 = Release|Any CPU
		{4D0E102D-A181-4BA6-8542-C0517DF76104}.Release|x64.ActiveCfg = Release|x64
		{4D0E102D-A181-4BA6-8542-C0517DF76104}.Release|x64.Build.0 = Release|x64
		{02E8A2EF-7836-4B82-8665-6E48CCBB9F8A}.Debug|Any CPU.ActiveCfg = Debug|Any CPU
		{02E8A2EF-7836-4B82-8665-6E48CCBB9F8A}.Debug|Any CPU.Build.0 = Debug|Any CPU
		{02E8A2EF-7836-4B82-8665-6E48CCBB9F8A}.Debug|x64.ActiveCfg = Debug|x64
		{02E8A2EF-7836-4B82-8665-6E48CCBB9F8A}.Debug|x64.Build.0 = Debug|x64
		{02E8A2EF-7836-4B82-8665-6E48CCBB9F8A}.Release|Any CPU.ActiveCfg = Release|Any CPU
		{02E8A2EF-7836-4B82-8665-6E48CCBB9F8A}.Release|Any CPU.Build.0 = Release|Any CPU
		{02E8A2EF-7836-4B82-8665-6E48CCBB9F8A}.Release|x64.ActiveCfg = Release|x64
		{02E8A2EF-7836-4B82-8665-6E48CCBB9F8A}.Release|x64.Build.0 = Release|x64
		{947BAD73-C839-4CA2-94C0-B9F4B77FEC0D}.Debug|Any CPU.ActiveCfg = Debug|Any CPU
		{947BAD73-C839-4CA2-94C0-B9F4B77FEC0D}.Debug|Any CPU.Build.0 = Debug|Any CPU
		{947BAD73-C839-4CA2-94C0-B9F4B77FEC0D}.Debug|x64.ActiveCfg = Debug|x64
		{947BAD73-C839-4CA2-94C0-B9F4B77FEC0D}.Debug|x64.Build.0 = Debug|x64
		{947BAD73-C839-4CA2-94C0-B9F4B77FEC0D}.Release|Any CPU.ActiveCfg = Release|Any CPU
		{947BAD73-C839-4CA2-94C0-B9F4B77FEC0D}.Release|Any CPU.Build.0 = Release|Any CPU
		{947BAD73-C839-4CA2-94C0-B9F4B77FEC0D}.Release|x64.ActiveCfg = Release|x64
		{947BAD73-C839-4CA2-94C0-B9F4B77FEC0D}.Release|x64.Build.0 = Release|x64
		{B85C6D51-834C-4328-B9C5-81E252F93649}.Debug|Any CPU.ActiveCfg = Debug|Any CPU
		{B85C6D51-834C-4328-B9C5-81E252F93649}.Debug|Any CPU.Build.0 = Debug|Any CPU
		{B85C6D51-834C-4328-B9C5-81E252F93649}.Debug|x64.ActiveCfg = Debug|x64
		{B85C6D51-834C-4328-B9C5-81E252F93649}.Debug|x64.Build.0 = Debug|x64
		{B85C6D51-834C-4328-B9C5-81E252F93649}.Release|Any CPU.ActiveCfg = Release|Any CPU
		{B85C6D51-834C-4328-B9C5-81E252F93649}.Release|Any CPU.Build.0 = Release|Any CPU
		{B85C6D51-834C-4328-B9C5-81E252F93649}.Release|x64.ActiveCfg = Release|x64
		{B85C6D51-834C-4328-B9C5-81E252F93649}.Release|x64.Build.0 = Release|x64
		{4FDDACCF-D554-42ED-87D2-E3FE4CE926FB}.Debug|Any CPU.ActiveCfg = Debug|Any CPU
		{4FDDACCF-D554-42ED-87D2-E3FE4CE926FB}.Debug|Any CPU.Build.0 = Debug|Any CPU
		{4FDDACCF-D554-42ED-87D2-E3FE4CE926FB}.Debug|x64.ActiveCfg = Debug|x64
		{4FDDACCF-D554-42ED-87D2-E3FE4CE926FB}.Debug|x64.Build.0 = Debug|x64
		{4FDDACCF-D554-42ED-87D2-E3FE4CE926FB}.Release|Any CPU.ActiveCfg = Release|Any CPU
		{4FDDACCF-D554-42ED-87D2-E3FE4CE926FB}.Release|Any CPU.Build.0 = Release|Any CPU
		{4FDDACCF-D554-42ED-87D2-E3FE4CE926FB}.Release|x64.ActiveCfg = Release|x64
		{4FDDACCF-D554-42ED-87D2-E3FE4CE926FB}.Release|x64.Build.0 = Release|x64
		{1089A831-DEAC-4EB9-89EF-25973E3C7F38}.Debug|Any CPU.ActiveCfg = Debug|Any CPU
		{1089A831-DEAC-4EB9-89EF-25973E3C7F38}.Debug|Any CPU.Build.0 = Debug|Any CPU
		{1089A831-DEAC-4EB9-89EF-25973E3C7F38}.Debug|x64.ActiveCfg = Debug|x64
		{1089A831-DEAC-4EB9-89EF-25973E3C7F38}.Debug|x64.Build.0 = Debug|x64
		{1089A831-DEAC-4EB9-89EF-25973E3C7F38}.Release|Any CPU.ActiveCfg = Release|Any CPU
		{1089A831-DEAC-4EB9-89EF-25973E3C7F38}.Release|Any CPU.Build.0 = Release|Any CPU
		{1089A831-DEAC-4EB9-89EF-25973E3C7F38}.Release|x64.ActiveCfg = Release|x64
		{1089A831-DEAC-4EB9-89EF-25973E3C7F38}.Release|x64.Build.0 = Release|x64
		{581F2601-79FC-4C7C-AC1A-A46105F068D3}.Debug|Any CPU.ActiveCfg = Debug|Any CPU
		{581F2601-79FC-4C7C-AC1A-A46105F068D3}.Debug|Any CPU.Build.0 = Debug|Any CPU
		{581F2601-79FC-4C7C-AC1A-A46105F068D3}.Debug|x64.ActiveCfg = Debug|x64
		{581F2601-79FC-4C7C-AC1A-A46105F068D3}.Debug|x64.Build.0 = Debug|x64
		{581F2601-79FC-4C7C-AC1A-A46105F068D3}.Release|Any CPU.ActiveCfg = Release|Any CPU
		{581F2601-79FC-4C7C-AC1A-A46105F068D3}.Release|Any CPU.Build.0 = Release|Any CPU
		{581F2601-79FC-4C7C-AC1A-A46105F068D3}.Release|x64.ActiveCfg = Release|x64
		{581F2601-79FC-4C7C-AC1A-A46105F068D3}.Release|x64.Build.0 = Release|x64
	EndGlobalSection
	GlobalSection(SolutionProperties) = preSolution
		HideSolutionNode = FALSE
	EndGlobalSection
EndGlobal
