
Microsoft Visual Studio Solution File, Format Version 12.00
# Visual Studio 2013
VisualStudioVersion = 12.0.40629.0
MinimumVisualStudioVersion = 10.0.40219.1
Project("{FAE04EC0-301F-11D3-BF4B-00C04F79EFBC}") = "UnitTests", "IteratorUnitTest\UnitTests.csproj", "{4D0E102D-A181-4BA6-8542-C0517DF76104}"
EndProject
Project("{FAE04EC0-301F-11D3-BF4B-00C04F79EFBC}") = "Iterator", "Iterator\Iterator.csproj", "{02E8A2EF-7836-4B82-8665-6E48CCBB9F8A}"
EndProject
Project("{FAE04EC0-301F-11D3-BF4B-00C04F79EFBC}") = "UserStorage", "UserStorage\UserStorage.csproj", "{947BAD73-C839-4CA2-94C0-B9F4B77FEC0D}"
EndProject
Project("{FAE04EC0-301F-11D3-BF4B-00C04F79EFBC}") = "UserService", "UserService\UserService.csproj", "{AF1B3B94-DDEF-4B83-ACA3-C493010A59D8}"
EndProject
Global
	GlobalSection(SolutionConfigurationPlatforms) = preSolution
		Debug|Any CPU = Debug|Any CPU
		Release|Any CPU = Release|Any CPU
	EndGlobalSection
	GlobalSection(ProjectConfigurationPlatforms) = postSolution
		{4D0E102D-A181-4BA6-8542-C0517DF76104}.Debug|Any CPU.ActiveCfg = Debug|Any CPU
		{4D0E102D-A181-4BA6-8542-C0517DF76104}.Debug|Any CPU.Build.0 = Debug|Any CPU
		{4D0E102D-A181-4BA6-8542-C0517DF76104}.Release|Any CPU.ActiveCfg = Release|Any CPU
		{4D0E102D-A181-4BA6-8542-C0517DF76104}.Release|Any CPU.Build.0 = Release|Any CPU
		{02E8A2EF-7836-4B82-8665-6E48CCBB9F8A}.Debug|Any CPU.ActiveCfg = Debug|Any CPU
		{02E8A2EF-7836-4B82-8665-6E48CCBB9F8A}.Debug|Any CPU.Build.0 = Debug|Any CPU
		{02E8A2EF-7836-4B82-8665-6E48CCBB9F8A}.Release|Any CPU.ActiveCfg = Release|Any CPU
		{02E8A2EF-7836-4B82-8665-6E48CCBB9F8A}.Release|Any CPU.Build.0 = Release|Any CPU
		{947BAD73-C839-4CA2-94C0-B9F4B77FEC0D}.Debug|Any CPU.ActiveCfg = Debug|Any CPU
		{947BAD73-C839-4CA2-94C0-B9F4B77FEC0D}.Debug|Any CPU.Build.0 = Debug|Any CPU
		{947BAD73-C839-4CA2-94C0-B9F4B77FEC0D}.Release|Any CPU.ActiveCfg = Release|Any CPU
		{947BAD73-C839-4CA2-94C0-B9F4B77FEC0D}.Release|Any CPU.Build.0 = Release|Any CPU
		{AF1B3B94-DDEF-4B83-ACA3-C493010A59D8}.Debug|Any CPU.ActiveCfg = Debug|Any CPU
		{AF1B3B94-DDEF-4B83-ACA3-C493010A59D8}.Debug|Any CPU.Build.0 = Debug|Any CPU
		{AF1B3B94-DDEF-4B83-ACA3-C493010A59D8}.Release|Any CPU.ActiveCfg = Release|Any CPU
		{AF1B3B94-DDEF-4B83-ACA3-C493010A59D8}.Release|Any CPU.Build.0 = Release|Any CPU
	EndGlobalSection
	GlobalSection(SolutionProperties) = preSolution
		HideSolutionNode = FALSE
	EndGlobalSection
EndGlobal
